// !$*UTF8*$!
{
	archiveVersion = 1;
	classes = {
	};
	objectVersion = 46;
	objects = {

/* Begin PBXBuildFile section */
		8F79A1801998851B002B0EF2 /* main.m in Sources */ = {isa = PBXBuildFile; fileRef = 8F79A17F1998851B002B0EF2 /* main.m */; };
		8F79A1831998851B002B0EF2 /* AppDelegate.m in Sources */ = {isa = PBXBuildFile; fileRef = 8F79A1821998851B002B0EF2 /* AppDelegate.m */; };
		8F79A1861998851B002B0EF2 /* ViewController.m in Sources */ = {isa = PBXBuildFile; fileRef = 8F79A1851998851B002B0EF2 /* ViewController.m */; };
		8F79A1891998851B002B0EF2 /* Main.storyboard in Resources */ = {isa = PBXBuildFile; fileRef = 8F79A1871998851B002B0EF2 /* Main.storyboard */; };
		8F79A18B1998851B002B0EF2 /* Images.xcassets in Resources */ = {isa = PBXBuildFile; fileRef = 8F79A18A1998851B002B0EF2 /* Images.xcassets */; };
		8F79A1971998851B002B0EF2 /* MyFirstAppTests.m in Sources */ = {isa = PBXBuildFile; fileRef = 8F79A1961998851B002B0EF2 /* MyFirstAppTests.m */; };
		8F79A1AB1999C86F002B0EF2 /* HomeViewController.m in Sources */ = {isa = PBXBuildFile; fileRef = 8F79A1AA1999C86F002B0EF2 /* HomeViewController.m */; };
/* End PBXBuildFile section */

/* Begin PBXContainerItemProxy section */
		8F79A1911998851B002B0EF2 /* PBXContainerItemProxy */ = {
			isa = PBXContainerItemProxy;
			containerPortal = 8F79A1721998851B002B0EF2 /* Project object */;
			proxyType = 1;
			remoteGlobalIDString = 8F79A1791998851B002B0EF2;
			remoteInfo = MyFirstApp;
		};
/* End PBXContainerItemProxy section */

/* Begin PBXFileReference section */
		8F79A17A1998851B002B0EF2 /* MyFirstApp.app */ = {isa = PBXFileReference; explicitFileType = wrapper.application; includeInIndex = 0; path = MyFirstApp.app; sourceTree = BUILT_PRODUCTS_DIR; };
		8F79A17E1998851B002B0EF2 /* Info.plist */ = {isa = PBXFileReference; lastKnownFileType = text.plist.xml; path = Info.plist; sourceTree = "<group>"; };
		8F79A17F1998851B002B0EF2 /* main.m */ = {isa = PBXFileReference; lastKnownFileType = sourcecode.c.objc; path = main.m; sourceTree = "<group>"; };
		8F79A1811998851B002B0EF2 /* AppDelegate.h */ = {isa = PBXFileReference; lastKnownFileType = sourcecode.c.h; path = AppDelegate.h; sourceTree = "<group>"; };
		8F79A1821998851B002B0EF2 /* AppDelegate.m */ = {isa = PBXFileReference; lastKnownFileType = sourcecode.c.objc; path = AppDelegate.m; sourceTree = "<group>"; };
		8F79A1841998851B002B0EF2 /* ViewController.h */ = {isa = PBXFileReference; lastKnownFileType = sourcecode.c.h; path = ViewController.h; sourceTree = "<group>"; };
		8F79A1851998851B002B0EF2 /* ViewController.m */ = {isa = PBXFileReference; lastKnownFileType = sourcecode.c.objc; path = ViewController.m; sourceTree = "<group>"; };
		8F79A1881998851B002B0EF2 /* Base */ = {isa = PBXFileReference; lastKnownFileType = file.storyboard; name = Base; path = Base.lproj/Main.storyboard; sourceTree = "<group>"; };
		8F79A18A1998851B002B0EF2 /* Images.xcassets */ = {isa = PBXFileReference; lastKnownFileType = folder.assetcatalog; path = Images.xcassets; sourceTree = "<group>"; };
		8F79A1901998851B002B0EF2 /* MyFirstAppTests.xctest */ = {isa = PBXFileReference; explicitFileType = wrapper.cfbundle; includeInIndex = 0; path = MyFirstAppTests.xctest; sourceTree = BUILT_PRODUCTS_DIR; };
		8F79A1951998851B002B0EF2 /* Info.plist */ = {isa = PBXFileReference; lastKnownFileType = text.plist.xml; path = Info.plist; sourceTree = "<group>"; };
		8F79A1961998851B002B0EF2 /* MyFirstAppTests.m */ = {isa = PBXFileReference; lastKnownFileType = sourcecode.c.objc; path = MyFirstAppTests.m; sourceTree = "<group>"; };
		8F79A1AA1999C86F002B0EF2 /* HomeViewController.m */ = {isa = PBXFileReference; fileEncoding = 4; lastKnownFileType = sourcecode.c.objc; path = HomeViewController.m; sourceTree = "<group>"; };
		8F79A1AC1999C884002B0EF2 /* HomeViewController.h */ = {isa = PBXFileReference; lastKnownFileType = sourcecode.c.h; name = HomeViewController.h; path = ../HomeViewController.h; sourceTree = "<group>"; };
/* End PBXFileReference section */

/* Begin PBXFrameworksBuildPhase section */
		8F79A1771998851B002B0EF2 /* Frameworks */ = {
			isa = PBXFrameworksBuildPhase;
			buildActionMask = 2147483647;
			files = (
			);
			runOnlyForDeploymentPostprocessing = 0;
		};
		8F79A18D1998851B002B0EF2 /* Frameworks */ = {
			isa = PBXFrameworksBuildPhase;
			buildActionMask = 2147483647;
			files = (
			);
			runOnlyForDeploymentPostprocessing = 0;
		};
/* End PBXFrameworksBuildPhase section */

/* Begin PBXGroup section */
		8F79A1711998851B002B0EF2 = {
			isa = PBXGroup;
			children = (
				8F79A17C1998851B002B0EF2 /* MyFirstApp */,
				8F79A1931998851B002B0EF2 /* MyFirstAppTests */,
				8F79A17B1998851B002B0EF2 /* Products */,
			);
			sourceTree = "<group>";
		};
		8F79A17B1998851B002B0EF2 /* Products */ = {
			isa = PBXGroup;
			children = (
				8F79A17A1998851B002B0EF2 /* MyFirstApp.app */,
				8F79A1901998851B002B0EF2 /* MyFirstAppTests.xctest */,
			);
			name = Products;
			sourceTree = "<group>";
		};
		8F79A17C1998851B002B0EF2 /* MyFirstApp */ = {
			isa = PBXGroup;
			children = (
				8F79A1811998851B002B0EF2 /* AppDelegate.h */,
				8F79A1821998851B002B0EF2 /* AppDelegate.m */,
				8F79A1841998851B002B0EF2 /* ViewController.h */,
				8F79A1851998851B002B0EF2 /* ViewController.m */,
				8F79A1AC1999C884002B0EF2 /* HomeViewController.h */,
				8F79A1AA1999C86F002B0EF2 /* HomeViewController.m */,
				8F79A1871998851B002B0EF2 /* Main.storyboard */,
				8F79A18A1998851B002B0EF2 /* Images.xcassets */,
				8F79A17D1998851B002B0EF2 /* Supporting Files */,
			);
			path = MyFirstApp;
			sourceTree = "<group>";
		};
		8F79A17D1998851B002B0EF2 /* Supporting Files */ = {
			isa = PBXGroup;
			children = (
				8F79A17E1998851B002B0EF2 /* Info.plist */,
				8F79A17F1998851B002B0EF2 /* main.m */,
			);
			name = "Supporting Files";
			sourceTree = "<group>";
		};
		8F79A1931998851B002B0EF2 /* MyFirstAppTests */ = {
			isa = PBXGroup;
			children = (
				8F79A1961998851B002B0EF2 /* MyFirstAppTests.m */,
				8F79A1941998851B002B0EF2 /* Supporting Files */,
			);
			path = MyFirstAppTests;
			sourceTree = "<group>";
		};
		8F79A1941998851B002B0EF2 /* Supporting Files */ = {
			isa = PBXGroup;
			children = (
				8F79A1951998851B002B0EF2 /* Info.plist */,
			);
			name = "Supporting Files";
			sourceTree = "<group>";
		};
/* End PBXGroup section */

/* Begin PBXNativeTarget section */
		8F79A1791998851B002B0EF2 /* MyFirstApp */ = {
			isa = PBXNativeTarget;
			buildConfigurationList = 8F79A19A1998851B002B0EF2 /* Build configuration list for PBXNativeTarget "MyFirstApp" */;
			buildPhases = (
				8F79A1761998851B002B0EF2 /* Sources */,
				8F79A1771998851B002B0EF2 /* Frameworks */,
				8F79A1781998851B002B0EF2 /* Resources */,
			);
			buildRules = (
			);
			dependencies = (
			);
			name = MyFirstApp;
			productName = MyFirstApp;
			productReference = 8F79A17A1998851B002B0EF2 /* MyFirstApp.app */;
			productType = "com.apple.product-type.application";
		};
		8F79A18F1998851B002B0EF2 /* MyFirstAppTests */ = {
			isa = PBXNativeTarget;
			buildConfigurationList = 8F79A19D1998851B002B0EF2 /* Build configuration list for PBXNativeTarget "MyFirstAppTests" */;
			buildPhases = (
				8F79A18C1998851B002B0EF2 /* Sources */,
				8F79A18D1998851B002B0EF2 /* Frameworks */,
				8F79A18E1998851B002B0EF2 /* Resources */,
			);
			buildRules = (
			);
			dependencies = (
				8F79A1921998851B002B0EF2 /* PBXTargetDependency */,
			);
			name = MyFirstAppTests;
			productName = MyFirstAppTests;
			productReference = 8F79A1901998851B002B0EF2 /* MyFirstAppTests.xctest */;
			productType = "com.apple.product-type.bundle.unit-test";
		};
/* End PBXNativeTarget section */

/* Begin PBXProject section */
		8F79A1721998851B002B0EF2 /* Project object */ = {
			isa = PBXProject;
			attributes = {
				LastUpgradeCheck = 0600;
				ORGANIZATIONNAME = "Alex Avery";
				TargetAttributes = {
					8F79A1791998851B002B0EF2 = {
						CreatedOnToolsVersion = 6.0;
					};
					8F79A18F1998851B002B0EF2 = {
						CreatedOnToolsVersion = 6.0;
						TestTargetID = 8F79A1791998851B002B0EF2;
					};
				};
			};
			buildConfigurationList = 8F79A1751998851B002B0EF2 /* Build configuration list for PBXProject "MyFirstApp" */;
			compatibilityVersion = "Xcode 3.2";
			developmentRegion = English;
			hasScannedForEncodings = 0;
			knownRegions = (
				en,
				Base,
			);
			mainGroup = 8F79A1711998851B002B0EF2;
			productRefGroup = 8F79A17B1998851B002B0EF2 /* Products */;
			projectDirPath = "";
			projectRoot = "";
			targets = (
				8F79A1791998851B002B0EF2 /* MyFirstApp */,
				8F79A18F1998851B002B0EF2 /* MyFirstAppTests */,
			);
		};
/* End PBXProject section */

/* Begin PBXResourcesBuildPhase section */
		8F79A1781998851B002B0EF2 /* Resources */ = {
			isa = PBXResourcesBuildPhase;
			buildActionMask = 2147483647;
			files = (
				8F79A1891998851B002B0EF2 /* Main.storyboard in Resources */,
				8F79A18B1998851B002B0EF2 /* Images.xcassets in Resources */,
			);
			runOnlyForDeploymentPostprocessing = 0;
		};
		8F79A18E1998851B002B0EF2 /* Resources */ = {
			isa = PBXResourcesBuildPhase;
			buildActionMask = 2147483647;
			files = (
			);
			runOnlyForDeploymentPostprocessing = 0;
		};
/* End PBXResourcesBuildPhase section */

/* Begin PBXSourcesBuildPhase section */
		8F79A1761998851B002B0EF2 /* Sources */ = {
			isa = PBXSourcesBuildPhase;
			buildActionMask = 2147483647;
			files = (
				8F79A1861998851B002B0EF2 /* ViewController.m in Sources */,
				8F79A1831998851B002B0EF2 /* AppDelegate.m in Sources */,
				8F79A1801998851B002B0EF2 /* main.m in Sources */,
				8F79A1AB1999C86F002B0EF2 /* HomeViewController.m in Sources */,
			);
			runOnlyForDeploymentPostprocessing = 0;
		};
		8F79A18C1998851B002B0EF2 /* Sources */ = {
			isa = PBXSourcesBuildPhase;
			buildActionMask = 2147483647;
			files = (
				8F79A1971998851B002B0EF2 /* MyFirstAppTests.m in Sources */,
			);
			runOnlyForDeploymentPostprocessing = 0;
		};
/* End PBXSourcesBuildPhase section */

/* Begin PBXTargetDependency section */
		8F79A1921998851B002B0EF2 /* PBXTargetDependency */ = {
			isa = PBXTargetDependency;
			target = 8F79A1791998851B002B0EF2 /* MyFirstApp */;
			targetProxy = 8F79A1911998851B002B0EF2 /* PBXContainerItemProxy */;
		};
/* End PBXTargetDependency section */

/* Begin PBXVariantGroup section */
		8F79A1871998851B002B0EF2 /* Main.storyboard */ = {
			isa = PBXVariantGroup;
			children = (
				8F79A1881998851B002B0EF2 /* Base */,
			);
			name = Main.storyboard;
			sourceTree = "<group>";
		};
/* End PBXVariantGroup section */

/* Begin XCBuildConfiguration section */
		8F79A1981998851B002B0EF2 /* Debug */ = {
			isa = XCBuildConfiguration;
			buildSettings = {
				ALWAYS_SEARCH_USER_PATHS = NO;
				CLANG_CXX_LANGUAGE_STANDARD = "gnu++0x";
				CLANG_CXX_LIBRARY = "libc++";
				CLANG_ENABLE_MODULES = YES;
				CLANG_ENABLE_OBJC_ARC = YES;
				CLANG_WARN_BOOL_CONVERSION = YES;
				CLANG_WARN_CONSTANT_CONVERSION = YES;
				CLANG_WARN_DIRECT_OBJC_ISA_USAGE = YES_ERROR;
				CLANG_WARN_EMPTY_BODY = YES;
				CLANG_WARN_ENUM_CONVERSION = YES;
				CLANG_WARN_INT_CONVERSION = YES;
				CLANG_WARN_OBJC_ROOT_CLASS = YES_ERROR;
				CLANG_WARN_UNREACHABLE_CODE = YES;
				CLANG_WARN__DUPLICATE_METHOD_MATCH = YES;
				"CODE_SIGN_IDENTITY[sdk=iphoneos*]" = "iPhone Developer";
				COPY_PHASE_STRIP = NO;
				ENABLE_STRICT_OBJC_MSGSEND = YES;
				GCC_C_LANGUAGE_STANDARD = gnu99;
				GCC_DYNAMIC_NO_PIC = NO;
				GCC_OPTIMIZATION_LEVEL = 0;
				GCC_PREPROCESSOR_DEFINITIONS = (
					"DEBUG=1",
					"$(inherited)",
				);
				GCC_SYMBOLS_PRIVATE_EXTERN = NO;
				GCC_WARN_64_TO_32_BIT_CONVERSION = YES;
				GCC_WARN_ABOUT_RETURN_TYPE = YES_ERROR;
				GCC_WARN_UNDECLARED_SELECTOR = YES;
				GCC_WARN_UNINITIALIZED_AUTOS = YES_AGGRESSIVE;
				GCC_WARN_UNUSED_FUNCTION = YES;
				GCC_WARN_UNUSED_VARIABLE = YES;
				IPHONEOS_DEPLOYMENT_TARGET = 8.0;
				MTL_ENABLE_DEBUG_INFO = YES;
				ONLY_ACTIVE_ARCH = YES;
				SDKROOT = iphoneos;
				TARGETED_DEVICE_FAMILY = "1,2";
			};
			name = Debug;
		};
		8F79A1991998851B002B0EF2 /* Release */ = {
			isa = XCBuildConfiguration;
			buildSettings = {
				ALWAYS_SEARCH_USER_PATHS = NO;
				CLANG_CXX_LANGUAGE_STANDARD = "gnu++0x";
				CLANG_CXX_LIBRARY = "libc++";
				CLANG_ENABLE_MODULES = YES;
				CLANG_ENABLE_OBJC_ARC = YES;
				CLANG_WARN_BOOL_CONVERSION = YES;
				CLANG_WARN_CONSTANT_CONVERSION = YES;
				CLANG_WARN_DIRECT_OBJC_ISA_USAGE = YES_ERROR;
				CLANG_WARN_EMPTY_BODY = YES;
				CLANG_WARN_ENUM_CONVERSION = YES;
				CLANG_WARN_INT_CONVERSION = YES;
				CLANG_WARN_OBJC_ROOT_CLASS = YES_ERROR;
				CLANG_WARN_UNREACHABLE_CODE = YES;
				CLANG_WARN__DUPLICATE_METHOD_MATCH = YES;
				"CODE_SIGN_IDENTITY[sdk=iphoneos*]" = "iPhone Developer";
				COPY_PHASE_STRIP = YES;
				ENABLE_NS_ASSERTIONS = NO;
				ENABLE_STRICT_OBJC_MSGSEND = YES;
				GCC_C_LANGUAGE_STANDARD = gnu99;
				GCC_WARN_64_TO_32_BIT_CONVERSION = YES;
				GCC_WARN_ABOUT_RETURN_TYPE = YES_ERROR;
				GCC_WARN_UNDECLARED_SELECTOR = YES;
				GCC_WARN_UNINITIALIZED_AUTOS = YES_AGGRESSIVE;
				GCC_WARN_UNUSED_FUNCTION = YES;
				GCC_WARN_UNUSED_VARIABLE = YES;
				IPHONEOS_DEPLOYMENT_TARGET = 8.0;
				MTL_ENABLE_DEBUG_INFO = NO;
				SDKROOT = iphoneos;
				TARGETED_DEVICE_FAMILY = "1,2";
				VALIDATE_PRODUCT = YES;
			};
			name = Release;
		};
		8F79A19B1998851B002B0EF2 /* Debug */ = {
			isa = XCBuildConfiguration;
			buildSettings = {
				ASSETCATALOG_COMPILER_APPICON_NAME = AppIcon;
				ASSETCATALOG_COMPILER_LAUNCHIMAGE_NAME = LaunchImage;
				INFOPLIST_FILE = MyFirstApp/Info.plist;
				LD_RUNPATH_SEARCH_PATHS = "$(inherited) @executable_path/Frameworks";
				PRODUCT_NAME = "$(TARGET_NAME)";
			};
			name = Debug;
		};
		8F79A19C1998851B002B0EF2 /* Release */ = {
			isa = XCBuildConfiguration;
			buildSettings = {
				ASSETCATALOG_COMPILER_APPICON_NAME = AppIcon;
				ASSETCATALOG_COMPILER_LAUNCHIMAGE_NAME = LaunchImage;
				INFOPLIST_FILE = MyFirstApp/Info.plist;
				LD_RUNPATH_SEARCH_PATHS = "$(inherited) @executable_path/Frameworks";
				PRODUCT_NAME = "$(TARGET_NAME)";
			};
			name = Release;
		};
		8F79A19E1998851B002B0EF2 /* Debug */ = {
			isa = XCBuildConfiguration;
			buildSettings = {
				BUNDLE_LOADER = "$(TEST_HOST)";
				FRAMEWORK_SEARCH_PATHS = (
					"$(SDKROOT)/Developer/Library/Frameworks",
					"$(inherited)",
				);
				GCC_PREPROCESSOR_DEFINITIONS = (
					"DEBUG=1",
					"$(inherited)",
				);
				INFOPLIST_FILE = MyFirstAppTests/Info.plist;
				LD_RUNPATH_SEARCH_PATHS = "$(inherited) @executable_path/Frameworks @loader_path/Frameworks";
				PRODUCT_NAME = "$(TARGET_NAME)";
				TEST_HOST = "$(BUILT_PRODUCTS_DIR)/MyFirstApp.app/MyFirstApp";
			};
			name = Debug;
		};
		8F79A19F1998851B002B0EF2 /* Release */ = {
			isa = XCBuildConfiguration;
			buildSettings = {
				BUNDLE_LOADER = "$(TEST_HOST)";
				FRAMEWORK_SEARCH_PATHS = (
					"$(SDKROOT)/Developer/Library/Frameworks",
					"$(inherited)",
				);
				INFOPLIST_FILE = MyFirstAppTests/Info.plist;
				LD_RUNPATH_SEARCH_PATHS = "$(inherited) @executable_path/Frameworks @loader_path/Frameworks";
				PRODUCT_NAME = "$(TARGET_NAME)";
				TEST_HOST = "$(BUILT_PRODUCTS_DIR)/MyFirstApp.app/MyFirstApp";
			};
			name = Release;
		};
/* End XCBuildConfiguration section */

/* Begin XCConfigurationList section */
		8F79A1751998851B002B0EF2 /* Build configuration list for PBXProject "MyFirstApp" */ = {
			isa = XCConfigurationList;
			buildConfigurations = (
				8F79A1981998851B002B0EF2 /* Debug */,
				8F79A1991998851B002B0EF2 /* Release */,
			);
			defaultConfigurationIsVisible = 0;
			defaultConfigurationName = Release;
		};
		8F79A19A1998851B002B0EF2 /* Build configuration list for PBXNativeTarget "MyFirstApp" */ = {
			isa = XCConfigurationList;
			buildConfigurations = (
				8F79A19B1998851B002B0EF2 /* Debug */,
				8F79A19C1998851B002B0EF2 /* Release */,
			);
			defaultConfigurationIsVisible = 0;
			defaultConfigurationName = Release;
		};
		8F79A19D1998851B002B0EF2 /* Build configuration list for PBXNativeTarget "MyFirstAppTests" */ = {
			isa = XCConfigurationList;
			buildConfigurations = (
				8F79A19E1998851B002B0EF2 /* Debug */,
				8F79A19F1998851B002B0EF2 /* Release */,
			);
			defaultConfigurationIsVisible = 0;
			defaultConfigurationName = Release;
		};
/* End XCConfigurationList section */
	};
	rootObject = 8F79A1721998851B002B0EF2 /* Project object */;
}
